// !$*UTF8*$!
{
	archiveVersion = 1;
	classes = {
	};
	objectVersion = 50;
	objects = {

/* Begin PBXBuildFile section */
		414C4790270C9ED99B1907D7 /* Pods_testSideMenu.framework in Frameworks */ = {isa = PBXBuildFile; fileRef = 7D6DBF8FA150B2C3B3BA22AA /* Pods_testSideMenu.framework */; };
		DEA0DEEA22AB971100C0FC6E /* AppDelegate.swift in Sources */ = {isa = PBXBuildFile; fileRef = DEA0DEE922AB971100C0FC6E /* AppDelegate.swift */; };
		DEA0DEEC22AB971100C0FC6E /* ViewController.swift in Sources */ = {isa = PBXBuildFile; fileRef = DEA0DEEB22AB971100C0FC6E /* ViewController.swift */; };
		DEA0DEEF22AB971100C0FC6E /* Main.storyboard in Resources */ = {isa = PBXBuildFile; fileRef = DEA0DEED22AB971100C0FC6E /* Main.storyboard */; };
		DEA0DEF122AB971200C0FC6E /* Assets.xcassets in Resources */ = {isa = PBXBuildFile; fileRef = DEA0DEF022AB971200C0FC6E /* Assets.xcassets */; };
		DEA0DEF422AB971200C0FC6E /* LaunchScreen.storyboard in Resources */ = {isa = PBXBuildFile; fileRef = DEA0DEF222AB971200C0FC6E /* LaunchScreen.storyboard */; };
		DEA0DEFC22ABA06D00C0FC6E /* TableViewController.swift in Sources */ = {isa = PBXBuildFile; fileRef = DEA0DEFB22ABA06D00C0FC6E /* TableViewController.swift */; };
/* End PBXBuildFile section */

/* Begin PBXFileReference section */
		5407FF52B3C9FCAB89C94F7C /* Pods-testSideMenu.debug.xcconfig */ = {isa = PBXFileReference; includeInIndex = 1; lastKnownFileType = text.xcconfig; name = "Pods-testSideMenu.debug.xcconfig"; path = "Target Support Files/Pods-testSideMenu/Pods-testSideMenu.debug.xcconfig"; sourceTree = "<group>"; };
		7D6DBF8FA150B2C3B3BA22AA /* Pods_testSideMenu.framework */ = {isa = PBXFileReference; explicitFileType = wrapper.framework; includeInIndex = 0; path = Pods_testSideMenu.framework; sourceTree = BUILT_PRODUCTS_DIR; };
		99955644E1B4A2EE289CC4D5 /* Pods-testSideMenu.release.xcconfig */ = {isa = PBXFileReference; includeInIndex = 1; lastKnownFileType = text.xcconfig; name = "Pods-testSideMenu.release.xcconfig"; path = "Target Support Files/Pods-testSideMenu/Pods-testSideMenu.release.xcconfig"; sourceTree = "<group>"; };
		DEA0DEE622AB971100C0FC6E /* testSideMenu.app */ = {isa = PBXFileReference; explicitFileType = wrapper.application; includeInIndex = 0; path = testSideMenu.app; sourceTree = BUILT_PRODUCTS_DIR; };
		DEA0DEE922AB971100C0FC6E /* AppDelegate.swift */ = {isa = PBXFileReference; lastKnownFileType = sourcecode.swift; path = AppDelegate.swift; sourceTree = "<group>"; };
		DEA0DEEB22AB971100C0FC6E /* ViewController.swift */ = {isa = PBXFileReference; lastKnownFileType = sourcecode.swift; path = ViewController.swift; sourceTree = "<group>"; };
		DEA0DEEE22AB971100C0FC6E /* Base */ = {isa = PBXFileReference; lastKnownFileType = file.storyboard; name = Base; path = Base.lproj/Main.storyboard; sourceTree = "<group>"; };
		DEA0DEF022AB971200C0FC6E /* Assets.xcassets */ = {isa = PBXFileReference; lastKnownFileType = folder.assetcatalog; path = Assets.xcassets; sourceTree = "<group>"; };
		DEA0DEF322AB971200C0FC6E /* Base */ = {isa = PBXFileReference; lastKnownFileType = file.storyboard; name = Base; path = Base.lproj/LaunchScreen.storyboard; sourceTree = "<group>"; };
		DEA0DEF522AB971200C0FC6E /* Info.plist */ = {isa = PBXFileReference; lastKnownFileType = text.plist.xml; path = Info.plist; sourceTree = "<group>"; };
		DEA0DEFB22ABA06D00C0FC6E /* TableViewController.swift */ = {isa = PBXFileReference; lastKnownFileType = sourcecode.swift; path = TableViewController.swift; sourceTree = "<group>"; };
/* End PBXFileReference section */

/* Begin PBXFrameworksBuildPhase section */
		DEA0DEE322AB971100C0FC6E /* Frameworks */ = {
			isa = PBXFrameworksBuildPhase;
			buildActionMask = 2147483647;
			files = (
				414C4790270C9ED99B1907D7 /* Pods_testSideMenu.framework in Frameworks */,
			);
			runOnlyForDeploymentPostprocessing = 0;
		};
/* End PBXFrameworksBuildPhase section */

/* Begin PBXGroup section */
		D79916354369113B1B087BC7 /* Frameworks */ = {
			isa = PBXGroup;
			children = (
				7D6DBF8FA150B2C3B3BA22AA /* Pods_testSideMenu.framework */,
			);
			name = Frameworks;
			sourceTree = "<group>";
		};
		DEA0DEDD22AB971100C0FC6E = {
			isa = PBXGroup;
			children = (
				DEA0DEE822AB971100C0FC6E /* testSideMenu */,
				DEA0DEE722AB971100C0FC6E /* Products */,
				E46050A5ABF0ADE9434792A9 /* Pods */,
				D79916354369113B1B087BC7 /* Frameworks */,
			);
			sourceTree = "<group>";
		};
		DEA0DEE722AB971100C0FC6E /* Products */ = {
			isa = PBXGroup;
			children = (
				DEA0DEE622AB971100C0FC6E /* testSideMenu.app */,
			);
			name = Products;
			sourceTree = "<group>";
		};
		DEA0DEE822AB971100C0FC6E /* testSideMenu */ = {
			isa = PBXGroup;
			children = (
				DEA0DEE922AB971100C0FC6E /* AppDelegate.swift */,
				DEA0DEEB22AB971100C0FC6E /* ViewController.swift */,
				DEA0DEED22AB971100C0FC6E /* Main.storyboard */,
				DEA0DEF022AB971200C0FC6E /* Assets.xcassets */,
				DEA0DEF222AB971200C0FC6E /* LaunchScreen.storyboard */,
				DEA0DEF522AB971200C0FC6E /* Info.plist */,
				DEA0DEFB22ABA06D00C0FC6E /* TableViewController.swift */,
			);
			path = testSideMenu;
			sourceTree = "<group>";
		};
		E46050A5ABF0ADE9434792A9 /* Pods */ = {
			isa = PBXGroup;
			children = (
				5407FF52B3C9FCAB89C94F7C /* Pods-testSideMenu.debug.xcconfig */,
				99955644E1B4A2EE289CC4D5 /* Pods-testSideMenu.release.xcconfig */,
			);
			path = Pods;
			sourceTree = "<group>";
		};
/* End PBXGroup section */

/* Begin PBXNativeTarget section */
		DEA0DEE522AB971100C0FC6E /* testSideMenu */ = {
			isa = PBXNativeTarget;
			buildConfigurationList = DEA0DEF822AB971200C0FC6E /* Build configuration list for PBXNativeTarget "testSideMenu" */;
			buildPhases = (
				A8BB095FCE38C0D6D720A22B /* [CP] Check Pods Manifest.lock */,
				DEA0DEE222AB971100C0FC6E /* Sources */,
				DEA0DEE322AB971100C0FC6E /* Frameworks */,
				DEA0DEE422AB971100C0FC6E /* Resources */,
				9F9015A87D791E6581376B70 /* [CP] Embed Pods Frameworks */,
			);
			buildRules = (
			);
			dependencies = (
			);
			name = testSideMenu;
			productName = testSideMenu;
			productReference = DEA0DEE622AB971100C0FC6E /* testSideMenu.app */;
			productType = "com.apple.product-type.application";
		};
/* End PBXNativeTarget section */

/* Begin PBXProject section */
		DEA0DEDE22AB971100C0FC6E /* Project object */ = {
			isa = PBXProject;
			attributes = {
				LastSwiftUpdateCheck = 1010;
				LastUpgradeCheck = 1010;
				ORGANIZATIONNAME = "Sunghee Lee";
				TargetAttributes = {
					DEA0DEE522AB971100C0FC6E = {
						CreatedOnToolsVersion = 10.1;
					};
				};
			};
			buildConfigurationList = DEA0DEE122AB971100C0FC6E /* Build configuration list for PBXProject "testSideMenu" */;
			compatibilityVersion = "Xcode 9.3";
			developmentRegion = en;
			hasScannedForEncodings = 0;
			knownRegions = (
				en,
				Base,
			);
			mainGroup = DEA0DEDD22AB971100C0FC6E;
			productRefGroup = DEA0DEE722AB971100C0FC6E /* Products */;
			projectDirPath = "";
			projectRoot = "";
			targets = (
				DEA0DEE522AB971100C0FC6E /* testSideMenu */,
			);
		};
/* End PBXProject section */

/* Begin PBXResourcesBuildPhase section */
		DEA0DEE422AB971100C0FC6E /* Resources */ = {
			isa = PBXResourcesBuildPhase;
			buildActionMask = 2147483647;
			files = (
				DEA0DEF422AB971200C0FC6E /* LaunchScreen.storyboard in Resources */,
				DEA0DEF122AB971200C0FC6E /* Assets.xcassets in Resources */,
				DEA0DEEF22AB971100C0FC6E /* Main.storyboard in Resources */,
			);
			runOnlyForDeploymentPostprocessing = 0;
		};
/* End PBXResourcesBuildPhase section */

/* Begin PBXShellScriptBuildPhase section */
		9F9015A87D791E6581376B70 /* [CP] Embed Pods Frameworks */ = {
			isa = PBXShellScriptBuildPhase;
			buildActionMask = 2147483647;
			files = (
			);
			inputFileListPaths = (
			);
			inputPaths = (
				"${PODS_ROOT}/Target Support Files/Pods-testSideMenu/Pods-testSideMenu-frameworks.sh",
				"${BUILT_PRODUCTS_DIR}/SideMenu/SideMenu.framework",
			);
			name = "[CP] Embed Pods Frameworks";
			outputFileListPaths = (
			);
			outputPaths = (
				"${TARGET_BUILD_DIR}/${FRAMEWORKS_FOLDER_PATH}/SideMenu.framework",
			);
			runOnlyForDeploymentPostprocessing = 0;
			shellPath = /bin/sh;
			shellScript = "\"${PODS_ROOT}/Target Support Files/Pods-testSideMenu/Pods-testSideMenu-frameworks.sh\"\n";
			showEnvVarsInLog = 0;
		};
		A8BB095FCE38C0D6D720A22B /* [CP] Check Pods Manifest.lock */ = {
			isa = PBXShellScriptBuildPhase;
			buildActionMask = 2147483647;
			files = (
			);
			inputFileListPaths = (
			);
			inputPaths = (
				"${PODS_PODFILE_DIR_PATH}/Podfile.lock",
				"${PODS_ROOT}/Manifest.lock",
			);
			name = "[CP] Check Pods Manifest.lock";
			outputFileListPaths = (
			);
			outputPaths = (
				"$(DERIVED_FILE_DIR)/Pods-testSideMenu-checkManifestLockResult.txt",
			);
			runOnlyForDeploymentPostprocessing = 0;
			shellPath = /bin/sh;
			shellScript = "diff \"${PODS_PODFILE_DIR_PATH}/Podfile.lock\" \"${PODS_ROOT}/Manifest.lock\" > /dev/null\nif [ $? != 0 ] ; then\n    # print error to STDERR\n    echo \"error: The sandbox is not in sync with the Podfile.lock. Run 'pod install' or update your CocoaPods installation.\" >&2\n    exit 1\nfi\n# This output is used by Xcode 'outputs' to avoid re-running this script phase.\necho \"SUCCESS\" > \"${SCRIPT_OUTPUT_FILE_0}\"\n";
			showEnvVarsInLog = 0;
		};
/* End PBXShellScriptBuildPhase section */

/* Begin PBXSourcesBuildPhase section */
		DEA0DEE222AB971100C0FC6E /* Sources */ = {
			isa = PBXSourcesBuildPhase;
			buildActionMask = 2147483647;
			files = (
				DEA0DEEC22AB971100C0FC6E /* ViewController.swift in Sources */,
				DEA0DEFC22ABA06D00C0FC6E /* TableViewController.swift in Sources */,
				DEA0DEEA22AB971100C0FC6E /* AppDelegate.swift in Sources */,
			);
			runOnlyForDeploymentPostprocessing = 0;
		};
/* End PBXSourcesBuildPhase section */

/* Begin PBXVariantGroup section */
		DEA0DEED22AB971100C0FC6E /* Main.storyboard */ = {
			isa = PBXVariantGroup;
			children = (
				DEA0DEEE22AB971100C0FC6E /* Base */,
			);
			name = Main.storyboard;
			sourceTree = "<group>";
		};
		DEA0DEF222AB971200C0FC6E /* LaunchScreen.storyboard */ = {
			isa = PBXVariantGroup;
			children = (
				DEA0DEF322AB971200C0FC6E /* Base */,
			);
			name = LaunchScreen.storyboard;
			sourceTree = "<group>";
		};
/* End PBXVariantGroup section */

/* Begin XCBuildConfiguration section */
		DEA0DEF622AB971200C0FC6E /* Debug */ = {
			isa = XCBuildConfiguration;
			buildSettings = {
				ALWAYS_SEARCH_USER_PATHS = NO;
				CLANG_ANALYZER_NONNULL = YES;
				CLANG_ANALYZER_NUMBER_OBJECT_CONVERSION = YES_AGGRESSIVE;
				CLANG_CXX_LANGUAGE_STANDARD = "gnu++14";
				CLANG_CXX_LIBRARY = "libc++";
				CLANG_ENABLE_MODULES = YES;
				CLANG_ENABLE_OBJC_ARC = YES;
				CLANG_ENABLE_OBJC_WEAK = YES;
				CLANG_WARN_BLOCK_CAPTURE_AUTORELEASING = YES;
				CLANG_WARN_BOOL_CONVERSION = YES;
				CLANG_WARN_COMMA = YES;
				CLANG_WARN_CONSTANT_CONVERSION = YES;
				CLANG_WARN_DEPRECATED_OBJC_IMPLEMENTATIONS = YES;
				CLANG_WARN_DIRECT_OBJC_ISA_USAGE = YES_ERROR;
				CLANG_WARN_DOCUMENTATION_COMMENTS = YES;
				CLANG_WARN_EMPTY_BODY = YES;
				CLANG_WARN_ENUM_CONVERSION = YES;
				CLANG_WARN_INFINITE_RECURSION = YES;
				CLANG_WARN_INT_CONVERSION = YES;
				CLANG_WARN_NON_LITERAL_NULL_CONVERSION = YES;
				CLANG_WARN_OBJC_IMPLICIT_RETAIN_SELF = YES;
				CLANG_WARN_OBJC_LITERAL_CONVERSION = YES;
				CLANG_WARN_OBJC_ROOT_CLASS = YES_ERROR;
				CLANG_WARN_RANGE_LOOP_ANALYSIS = YES;
				CLANG_WARN_STRICT_PROTOTYPES = YES;
				CLANG_WARN_SUSPICIOUS_MOVE = YES;
				CLANG_WARN_UNGUARDED_AVAILABILITY = YES_AGGRESSIVE;
				CLANG_WARN_UNREACHABLE_CODE = YES;
				CLANG_WARN__DUPLICATE_METHOD_MATCH = YES;
				CODE_SIGN_IDENTITY = "iPhone Developer";
				COPY_PHASE_STRIP = NO;
				DEBUG_INFORMATION_FORMAT = dwarf;
				ENABLE_STRICT_OBJC_MSGSEND = YES;
				ENABLE_TESTABILITY = YES;
				GCC_C_LANGUAGE_STANDARD = gnu11;
				GCC_DYNAMIC_NO_PIC = NO;
				GCC_NO_COMMON_BLOCKS = YES;
				GCC_OPTIMIZATION_LEVEL = 0;
				GCC_PREPROCESSOR_DEFINITIONS = (
					"DEBUG=1",
					"$(inherited)",
				);
				GCC_WARN_64_TO_32_BIT_CONVERSION = YES;
				GCC_WARN_ABOUT_RETURN_TYPE = YES_ERROR;
				GCC_WARN_UNDECLARED_SELECTOR = YES;
				GCC_WARN_UNINITIALIZED_AUTOS = YES_AGGRESSIVE;
				GCC_WARN_UNUSED_FUNCTION = YES;
				GCC_WARN_UNUSED_VARIABLE = YES;
				IPHONEOS_DEPLOYMENT_TARGET = 12.1;
				MTL_ENABLE_DEBUG_INFO = INCLUDE_SOURCE;
				MTL_FAST_MATH = YES;
				ONLY_ACTIVE_ARCH = YES;
				SDKROOT = iphoneos;
				SWIFT_ACTIVE_COMPILATION_CONDITIONS = DEBUG;
				SWIFT_OPTIMIZATION_LEVEL = "-Onone";
			};
			name = Debug;
		};
		DEA0DEF722AB971200C0FC6E /* Release */ = {
			isa = XCBuildConfiguration;
			buildSettings = {
				ALWAYS_SEARCH_USER_PATHS = NO;
				CLANG_ANALYZER_NONNULL = YES;
				CLANG_ANALYZER_NUMBER_OBJECT_CONVERSION = YES_AGGRESSIVE;
				CLANG_CXX_LANGUAGE_STANDARD = "gnu++14";
				CLANG_CXX_LIBRARY = "libc++";
				CLANG_ENABLE_MODULES = YES;
				CLANG_ENABLE_OBJC_ARC = YES;
				CLANG_ENABLE_OBJC_WEAK = YES;
				CLANG_WARN_BLOCK_CAPTURE_AUTORELEASING = YES;
				CLANG_WARN_BOOL_CONVERSION = YES;
				CLANG_WARN_COMMA = YES;
				CLANG_WARN_CONSTANT_CONVERSION = YES;
				CLANG_WARN_DEPRECATED_OBJC_IMPLEMENTATIONS = YES;
				CLANG_WARN_DIRECT_OBJC_ISA_USAGE = YES_ERROR;
				CLANG_WARN_DOCUMENTATION_COMMENTS = YES;
				CLANG_WARN_EMPTY_BODY = YES;
				CLANG_WARN_ENUM_CONVERSION = YES;
				CLANG_WARN_INFINITE_RECURSION = YES;
				CLANG_WARN_INT_CONVERSION = YES;
				CLANG_WARN_NON_LITERAL_NULL_CONVERSION = YES;
				CLANG_WARN_OBJC_IMPLICIT_RETAIN_SELF = YES;
				CLANG_WARN_OBJC_LITERAL_CONVERSION = YES;
				CLANG_WARN_OBJC_ROOT_CLASS = YES_ERROR;
				CLANG_WARN_RANGE_LOOP_ANALYSIS = YES;
				CLANG_WARN_STRICT_PROTOTYPES = YES;
				CLANG_WARN_SUSPICIOUS_MOVE = YES;
				CLANG_WARN_UNGUARDED_AVAILABILITY = YES_AGGRESSIVE;
				CLANG_WARN_UNREACHABLE_CODE = YES;
				CLANG_WARN__DUPLICATE_METHOD_MATCH = YES;
				CODE_SIGN_IDENTITY = "iPhone Developer";
				COPY_PHASE_STRIP = NO;
				DEBUG_INFORMATION_FORMAT = "dwarf-with-dsym";
				ENABLE_NS_ASSERTIONS = NO;
				ENABLE_STRICT_OBJC_MSGSEND = YES;
				GCC_C_LANGUAGE_STANDARD = gnu11;
				GCC_NO_COMMON_BLOCKS = YES;
				GCC_WARN_64_TO_32_BIT_CONVERSION = YES;
				GCC_WARN_ABOUT_RETURN_TYPE = YES_ERROR;
				GCC_WARN_UNDECLARED_SELECTOR = YES;
				GCC_WARN_UNINITIALIZED_AUTOS = YES_AGGRESSIVE;
				GCC_WARN_UNUSED_FUNCTION = YES;
				GCC_WARN_UNUSED_VARIABLE = YES;
				IPHONEOS_DEPLOYMENT_TARGET = 12.1;
				MTL_ENABLE_DEBUG_INFO = NO;
				MTL_FAST_MATH = YES;
				SDKROOT = iphoneos;
				SWIFT_COMPILATION_MODE = wholemodule;
				SWIFT_OPTIMIZATION_LEVEL = "-O";
				VALIDATE_PRODUCT = YES;
			};
			name = Release;
		};
		DEA0DEF922AB971200C0FC6E /* Debug */ = {
			isa = XCBuildConfiguration;
			baseConfigurationReference = 5407FF52B3C9FCAB89C94F7C /* Pods-testSideMenu.debug.xcconfig */;
			buildSettings = {
				ASSETCATALOG_COMPILER_APPICON_NAME = AppIcon;
				CODE_SIGN_STYLE = Automatic;
				DEVELOPMENT_TEAM = 89U4T49H8F;
				INFOPLIST_FILE = testSideMenu/Info.plist;
				LD_RUNPATH_SEARCH_PATHS = (
					"$(inherited)",
					"@executable_path/Frameworks",
				);
				PRODUCT_BUNDLE_IDENTIFIER = sopt.testSideMenu;
				PRODUCT_NAME = "$(TARGET_NAME)";
				SWIFT_VERSION = 4.2;
				TARGETED_DEVICE_FAMILY = "1,2";
			};
			name = Debug;
		};
		DEA0DEFA22AB971200C0FC6E /* Release */ = {
			isa = XCBuildConfiguration;
			baseConfigurationReference = 99955644E1B4A2EE289CC4D5 /* Pods-testSideMenu.release.xcconfig */;
			buildSettings = {
				ASSETCATALOG_COMPILER_APPICON_NAME = AppIcon;
				CODE_SIGN_STYLE = Automatic;
				DEVELOPMENT_TEAM = 89U4T49H8F;
				INFOPLIST_FILE = testSideMenu/Info.plist;
				LD_RUNPATH_SEARCH_PATHS = (
					"$(inherited)",
					"@executable_path/Frameworks",
				);
				PRODUCT_BUNDLE_IDENTIFIER = sopt.testSideMenu;
				PRODUCT_NAME = "$(TARGET_NAME)";
				SWIFT_VERSION = 4.2;
				TARGETED_DEVICE_FAMILY = "1,2";
			};
			name = Release;
		};
/* End XCBuildConfiguration section */

/* Begin XCConfigurationList section */
		DEA0DEE122AB971100C0FC6E /* Build configuration list for PBXProject "testSideMenu" */ = {
			isa = XCConfigurationList;
			buildConfigurations = (
				DEA0DEF622AB971200C0FC6E /* Debug */,
				DEA0DEF722AB971200C0FC6E /* Release */,
			);
			defaultConfigurationIsVisible = 0;
			defaultConfigurationName = Release;
		};
		DEA0DEF822AB971200C0FC6E /* Build configuration list for PBXNativeTarget "testSideMenu" */ = {
			isa = XCConfigurationList;
			buildConfigurations = (
				DEA0DEF922AB971200C0FC6E /* Debug */,
				DEA0DEFA22AB971200C0FC6E /* Release */,
			);
			defaultConfigurationIsVisible = 0;
			defaultConfigurationName = Release;
		};
/* End XCConfigurationList section */
	};
	rootObject = DEA0DEDE22AB971100C0FC6E /* Project object */;
}
