// !$*UTF8*$!
{
	archiveVersion = 1;
	classes = {
	};
	objectVersion = 50;
	objects = {

/* Begin PBXBuildFile section */
		DE8300A62261A5B100CEA53B /* AppDelegate.swift in Sources */ = {isa = PBXBuildFile; fileRef = DE8300A52261A5B100CEA53B /* AppDelegate.swift */; };
		DE8300A82261A5B100CEA53B /* ViewController.swift in Sources */ = {isa = PBXBuildFile; fileRef = DE8300A72261A5B100CEA53B /* ViewController.swift */; };
		DE8300AB2261A5B100CEA53B /* Main.storyboard in Resources */ = {isa = PBXBuildFile; fileRef = DE8300A92261A5B100CEA53B /* Main.storyboard */; };
		DE8300AD2261A5B300CEA53B /* Assets.xcassets in Resources */ = {isa = PBXBuildFile; fileRef = DE8300AC2261A5B300CEA53B /* Assets.xcassets */; };
		DE8300B02261A5B300CEA53B /* LaunchScreen.storyboard in Resources */ = {isa = PBXBuildFile; fileRef = DE8300AE2261A5B300CEA53B /* LaunchScreen.storyboard */; };
		DE8300B82261A7D300CEA53B /* VC1_1.swift in Sources */ = {isa = PBXBuildFile; fileRef = DE8300B72261A7D300CEA53B /* VC1_1.swift */; };
		DE8300BA2261A7ED00CEA53B /* VC1_2.swift in Sources */ = {isa = PBXBuildFile; fileRef = DE8300B92261A7ED00CEA53B /* VC1_2.swift */; };
		DE8300BC2261A83000CEA53B /* VC2.swift in Sources */ = {isa = PBXBuildFile; fileRef = DE8300BB2261A83000CEA53B /* VC2.swift */; };
		DE8300BE2261AA4B00CEA53B /* VC3.swift in Sources */ = {isa = PBXBuildFile; fileRef = DE8300BD2261AA4B00CEA53B /* VC3.swift */; };
/* End PBXBuildFile section */

/* Begin PBXFileReference section */
		DE8300A22261A5B100CEA53B /* ViewTransition-Practice.app */ = {isa = PBXFileReference; explicitFileType = wrapper.application; includeInIndex = 0; path = "ViewTransition-Practice.app"; sourceTree = BUILT_PRODUCTS_DIR; };
		DE8300A52261A5B100CEA53B /* AppDelegate.swift */ = {isa = PBXFileReference; lastKnownFileType = sourcecode.swift; path = AppDelegate.swift; sourceTree = "<group>"; };
		DE8300A72261A5B100CEA53B /* ViewController.swift */ = {isa = PBXFileReference; lastKnownFileType = sourcecode.swift; path = ViewController.swift; sourceTree = "<group>"; };
		DE8300AA2261A5B100CEA53B /* Base */ = {isa = PBXFileReference; lastKnownFileType = file.storyboard; name = Base; path = Base.lproj/Main.storyboard; sourceTree = "<group>"; };
		DE8300AC2261A5B300CEA53B /* Assets.xcassets */ = {isa = PBXFileReference; lastKnownFileType = folder.assetcatalog; path = Assets.xcassets; sourceTree = "<group>"; };
		DE8300AF2261A5B300CEA53B /* Base */ = {isa = PBXFileReference; lastKnownFileType = file.storyboard; name = Base; path = Base.lproj/LaunchScreen.storyboard; sourceTree = "<group>"; };
		DE8300B12261A5B300CEA53B /* Info.plist */ = {isa = PBXFileReference; lastKnownFileType = text.plist.xml; path = Info.plist; sourceTree = "<group>"; };
		DE8300B72261A7D300CEA53B /* VC1_1.swift */ = {isa = PBXFileReference; lastKnownFileType = sourcecode.swift; path = VC1_1.swift; sourceTree = "<group>"; };
		DE8300B92261A7ED00CEA53B /* VC1_2.swift */ = {isa = PBXFileReference; lastKnownFileType = sourcecode.swift; path = VC1_2.swift; sourceTree = "<group>"; };
		DE8300BB2261A83000CEA53B /* VC2.swift */ = {isa = PBXFileReference; lastKnownFileType = sourcecode.swift; path = VC2.swift; sourceTree = "<group>"; };
		DE8300BD2261AA4B00CEA53B /* VC3.swift */ = {isa = PBXFileReference; lastKnownFileType = sourcecode.swift; path = VC3.swift; sourceTree = "<group>"; };
/* End PBXFileReference section */

/* Begin PBXFrameworksBuildPhase section */
		DE83009F2261A5B100CEA53B /* Frameworks */ = {
			isa = PBXFrameworksBuildPhase;
			buildActionMask = 2147483647;
			files = (
			);
			runOnlyForDeploymentPostprocessing = 0;
		};
/* End PBXFrameworksBuildPhase section */

/* Begin PBXGroup section */
		DE8300992261A5B100CEA53B = {
			isa = PBXGroup;
			children = (
				DE8300A42261A5B100CEA53B /* ViewTransition-Practice */,
				DE8300A32261A5B100CEA53B /* Products */,
			);
			sourceTree = "<group>";
		};
		DE8300A32261A5B100CEA53B /* Products */ = {
			isa = PBXGroup;
			children = (
				DE8300A22261A5B100CEA53B /* ViewTransition-Practice.app */,
			);
			name = Products;
			sourceTree = "<group>";
		};
		DE8300A42261A5B100CEA53B /* ViewTransition-Practice */ = {
			isa = PBXGroup;
			children = (
				DE8300A52261A5B100CEA53B /* AppDelegate.swift */,
				DE8300A72261A5B100CEA53B /* ViewController.swift */,
				DE8300A92261A5B100CEA53B /* Main.storyboard */,
				DE8300AC2261A5B300CEA53B /* Assets.xcassets */,
				DE8300AE2261A5B300CEA53B /* LaunchScreen.storyboard */,
				DE8300B12261A5B300CEA53B /* Info.plist */,
				DE8300B72261A7D300CEA53B /* VC1_1.swift */,
				DE8300B92261A7ED00CEA53B /* VC1_2.swift */,
				DE8300BB2261A83000CEA53B /* VC2.swift */,
				DE8300BD2261AA4B00CEA53B /* VC3.swift */,
			);
			path = "ViewTransition-Practice";
			sourceTree = "<group>";
		};
/* End PBXGroup section */

/* Begin PBXNativeTarget section */
		DE8300A12261A5B100CEA53B /* ViewTransition-Practice */ = {
			isa = PBXNativeTarget;
			buildConfigurationList = DE8300B42261A5B300CEA53B /* Build configuration list for PBXNativeTarget "ViewTransition-Practice" */;
			buildPhases = (
				DE83009E2261A5B100CEA53B /* Sources */,
				DE83009F2261A5B100CEA53B /* Frameworks */,
				DE8300A02261A5B100CEA53B /* Resources */,
			);
			buildRules = (
			);
			dependencies = (
			);
			name = "ViewTransition-Practice";
			productName = "ViewTransition-Practice";
			productReference = DE8300A22261A5B100CEA53B /* ViewTransition-Practice.app */;
			productType = "com.apple.product-type.application";
		};
/* End PBXNativeTarget section */

/* Begin PBXProject section */
		DE83009A2261A5B100CEA53B /* Project object */ = {
			isa = PBXProject;
			attributes = {
				LastSwiftUpdateCheck = 1010;
				LastUpgradeCheck = 1010;
				ORGANIZATIONNAME = "Sunghee Lee";
				TargetAttributes = {
					DE8300A12261A5B100CEA53B = {
						CreatedOnToolsVersion = 10.1;
					};
				};
			};
			buildConfigurationList = DE83009D2261A5B100CEA53B /* Build configuration list for PBXProject "ViewTransition-Practice" */;
			compatibilityVersion = "Xcode 9.3";
			developmentRegion = en;
			hasScannedForEncodings = 0;
			knownRegions = (
				en,
				Base,
			);
			mainGroup = DE8300992261A5B100CEA53B;
			productRefGroup = DE8300A32261A5B100CEA53B /* Products */;
			projectDirPath = "";
			projectRoot = "";
			targets = (
				DE8300A12261A5B100CEA53B /* ViewTransition-Practice */,
			);
		};
/* End PBXProject section */

/* Begin PBXResourcesBuildPhase section */
		DE8300A02261A5B100CEA53B /* Resources */ = {
			isa = PBXResourcesBuildPhase;
			buildActionMask = 2147483647;
			files = (
				DE8300B02261A5B300CEA53B /* LaunchScreen.storyboard in Resources */,
				DE8300AD2261A5B300CEA53B /* Assets.xcassets in Resources */,
				DE8300AB2261A5B100CEA53B /* Main.storyboard in Resources */,
			);
			runOnlyForDeploymentPostprocessing = 0;
		};
/* End PBXResourcesBuildPhase section */

/* Begin PBXSourcesBuildPhase section */
		DE83009E2261A5B100CEA53B /* Sources */ = {
			isa = PBXSourcesBuildPhase;
			buildActionMask = 2147483647;
			files = (
				DE8300BE2261AA4B00CEA53B /* VC3.swift in Sources */,
				DE8300B82261A7D300CEA53B /* VC1_1.swift in Sources */,
				DE8300BA2261A7ED00CEA53B /* VC1_2.swift in Sources */,
				DE8300BC2261A83000CEA53B /* VC2.swift in Sources */,
				DE8300A82261A5B100CEA53B /* ViewController.swift in Sources */,
				DE8300A62261A5B100CEA53B /* AppDelegate.swift in Sources */,
			);
			runOnlyForDeploymentPostprocessing = 0;
		};
/* End PBXSourcesBuildPhase section */

/* Begin PBXVariantGroup section */
		DE8300A92261A5B100CEA53B /* Main.storyboard */ = {
			isa = PBXVariantGroup;
			children = (
				DE8300AA2261A5B100CEA53B /* Base */,
			);
			name = Main.storyboard;
			sourceTree = "<group>";
		};
		DE8300AE2261A5B300CEA53B /* LaunchScreen.storyboard */ = {
			isa = PBXVariantGroup;
			children = (
				DE8300AF2261A5B300CEA53B /* Base */,
			);
			name = LaunchScreen.storyboard;
			sourceTree = "<group>";
		};
/* End PBXVariantGroup section */

/* Begin XCBuildConfiguration section */
		DE8300B22261A5B300CEA53B /* Debug */ = {
			isa = XCBuildConfiguration;
			buildSettings = {
				ALWAYS_SEARCH_USER_PATHS = NO;
				CLANG_ANALYZER_NONNULL = YES;
				CLANG_ANALYZER_NUMBER_OBJECT_CONVERSION = YES_AGGRESSIVE;
				CLANG_CXX_LANGUAGE_STANDARD = "gnu++14";
				CLANG_CXX_LIBRARY = "libc++";
				CLANG_ENABLE_MODULES = YES;
				CLANG_ENABLE_OBJC_ARC = YES;
				CLANG_ENABLE_OBJC_WEAK = YES;
				CLANG_WARN_BLOCK_CAPTURE_AUTORELEASING = YES;
				CLANG_WARN_BOOL_CONVERSION = YES;
				CLANG_WARN_COMMA = YES;
				CLANG_WARN_CONSTANT_CONVERSION = YES;
				CLANG_WARN_DEPRECATED_OBJC_IMPLEMENTATIONS = YES;
				CLANG_WARN_DIRECT_OBJC_ISA_USAGE = YES_ERROR;
				CLANG_WARN_DOCUMENTATION_COMMENTS = YES;
				CLANG_WARN_EMPTY_BODY = YES;
				CLANG_WARN_ENUM_CONVERSION = YES;
				CLANG_WARN_INFINITE_RECURSION = YES;
				CLANG_WARN_INT_CONVERSION = YES;
				CLANG_WARN_NON_LITERAL_NULL_CONVERSION = YES;
				CLANG_WARN_OBJC_IMPLICIT_RETAIN_SELF = YES;
				CLANG_WARN_OBJC_LITERAL_CONVERSION = YES;
				CLANG_WARN_OBJC_ROOT_CLASS = YES_ERROR;
				CLANG_WARN_RANGE_LOOP_ANALYSIS = YES;
				CLANG_WARN_STRICT_PROTOTYPES = YES;
				CLANG_WARN_SUSPICIOUS_MOVE = YES;
				CLANG_WARN_UNGUARDED_AVAILABILITY = YES_AGGRESSIVE;
				CLANG_WARN_UNREACHABLE_CODE = YES;
				CLANG_WARN__DUPLICATE_METHOD_MATCH = YES;
				CODE_SIGN_IDENTITY = "iPhone Developer";
				COPY_PHASE_STRIP = NO;
				DEBUG_INFORMATION_FORMAT = dwarf;
				ENABLE_STRICT_OBJC_MSGSEND = YES;
				ENABLE_TESTABILITY = YES;
				GCC_C_LANGUAGE_STANDARD = gnu11;
				GCC_DYNAMIC_NO_PIC = NO;
				GCC_NO_COMMON_BLOCKS = YES;
				GCC_OPTIMIZATION_LEVEL = 0;
				GCC_PREPROCESSOR_DEFINITIONS = (
					"DEBUG=1",
					"$(inherited)",
				);
				GCC_WARN_64_TO_32_BIT_CONVERSION = YES;
				GCC_WARN_ABOUT_RETURN_TYPE = YES_ERROR;
				GCC_WARN_UNDECLARED_SELECTOR = YES;
				GCC_WARN_UNINITIALIZED_AUTOS = YES_AGGRESSIVE;
				GCC_WARN_UNUSED_FUNCTION = YES;
				GCC_WARN_UNUSED_VARIABLE = YES;
				IPHONEOS_DEPLOYMENT_TARGET = 12.1;
				MTL_ENABLE_DEBUG_INFO = INCLUDE_SOURCE;
				MTL_FAST_MATH = YES;
				ONLY_ACTIVE_ARCH = YES;
				SDKROOT = iphoneos;
				SWIFT_ACTIVE_COMPILATION_CONDITIONS = DEBUG;
				SWIFT_OPTIMIZATION_LEVEL = "-Onone";
			};
			name = Debug;
		};
		DE8300B32261A5B300CEA53B /* Release */ = {
			isa = XCBuildConfiguration;
			buildSettings = {
				ALWAYS_SEARCH_USER_PATHS = NO;
				CLANG_ANALYZER_NONNULL = YES;
				CLANG_ANALYZER_NUMBER_OBJECT_CONVERSION = YES_AGGRESSIVE;
				CLANG_CXX_LANGUAGE_STANDARD = "gnu++14";
				CLANG_CXX_LIBRARY = "libc++";
				CLANG_ENABLE_MODULES = YES;
				CLANG_ENABLE_OBJC_ARC = YES;
				CLANG_ENABLE_OBJC_WEAK = YES;
				CLANG_WARN_BLOCK_CAPTURE_AUTORELEASING = YES;
				CLANG_WARN_BOOL_CONVERSION = YES;
				CLANG_WARN_COMMA = YES;
				CLANG_WARN_CONSTANT_CONVERSION = YES;
				CLANG_WARN_DEPRECATED_OBJC_IMPLEMENTATIONS = YES;
				CLANG_WARN_DIRECT_OBJC_ISA_USAGE = YES_ERROR;
				CLANG_WARN_DOCUMENTATION_COMMENTS = YES;
				CLANG_WARN_EMPTY_BODY = YES;
				CLANG_WARN_ENUM_CONVERSION = YES;
				CLANG_WARN_INFINITE_RECURSION = YES;
				CLANG_WARN_INT_CONVERSION = YES;
				CLANG_WARN_NON_LITERAL_NULL_CONVERSION = YES;
				CLANG_WARN_OBJC_IMPLICIT_RETAIN_SELF = YES;
				CLANG_WARN_OBJC_LITERAL_CONVERSION = YES;
				CLANG_WARN_OBJC_ROOT_CLASS = YES_ERROR;
				CLANG_WARN_RANGE_LOOP_ANALYSIS = YES;
				CLANG_WARN_STRICT_PROTOTYPES = YES;
				CLANG_WARN_SUSPICIOUS_MOVE = YES;
				CLANG_WARN_UNGUARDED_AVAILABILITY = YES_AGGRESSIVE;
				CLANG_WARN_UNREACHABLE_CODE = YES;
				CLANG_WARN__DUPLICATE_METHOD_MATCH = YES;
				CODE_SIGN_IDENTITY = "iPhone Developer";
				COPY_PHASE_STRIP = NO;
				DEBUG_INFORMATION_FORMAT = "dwarf-with-dsym";
				ENABLE_NS_ASSERTIONS = NO;
				ENABLE_STRICT_OBJC_MSGSEND = YES;
				GCC_C_LANGUAGE_STANDARD = gnu11;
				GCC_NO_COMMON_BLOCKS = YES;
				GCC_WARN_64_TO_32_BIT_CONVERSION = YES;
				GCC_WARN_ABOUT_RETURN_TYPE = YES_ERROR;
				GCC_WARN_UNDECLARED_SELECTOR = YES;
				GCC_WARN_UNINITIALIZED_AUTOS = YES_AGGRESSIVE;
				GCC_WARN_UNUSED_FUNCTION = YES;
				GCC_WARN_UNUSED_VARIABLE = YES;
				IPHONEOS_DEPLOYMENT_TARGET = 12.1;
				MTL_ENABLE_DEBUG_INFO = NO;
				MTL_FAST_MATH = YES;
				SDKROOT = iphoneos;
				SWIFT_COMPILATION_MODE = wholemodule;
				SWIFT_OPTIMIZATION_LEVEL = "-O";
				VALIDATE_PRODUCT = YES;
			};
			name = Release;
		};
		DE8300B52261A5B300CEA53B /* Debug */ = {
			isa = XCBuildConfiguration;
			buildSettings = {
				ASSETCATALOG_COMPILER_APPICON_NAME = AppIcon;
				CODE_SIGN_STYLE = Automatic;
				DEVELOPMENT_TEAM = 89U4T49H8F;
				INFOPLIST_FILE = "ViewTransition-Practice/Info.plist";
				LD_RUNPATH_SEARCH_PATHS = (
					"$(inherited)",
					"@executable_path/Frameworks",
				);
				PRODUCT_BUNDLE_IDENTIFIER = "sopt.ViewTransition-Practice";
				PRODUCT_NAME = "$(TARGET_NAME)";
				SWIFT_VERSION = 4.2;
				TARGETED_DEVICE_FAMILY = "1,2";
			};
			name = Debug;
		};
		DE8300B62261A5B300CEA53B /* Release */ = {
			isa = XCBuildConfiguration;
			buildSettings = {
				ASSETCATALOG_COMPILER_APPICON_NAME = AppIcon;
				CODE_SIGN_STYLE = Automatic;
				DEVELOPMENT_TEAM = 89U4T49H8F;
				INFOPLIST_FILE = "ViewTransition-Practice/Info.plist";
				LD_RUNPATH_SEARCH_PATHS = (
					"$(inherited)",
					"@executable_path/Frameworks",
				);
				PRODUCT_BUNDLE_IDENTIFIER = "sopt.ViewTransition-Practice";
				PRODUCT_NAME = "$(TARGET_NAME)";
				SWIFT_VERSION = 4.2;
				TARGETED_DEVICE_FAMILY = "1,2";
			};
			name = Release;
		};
/* End XCBuildConfiguration section */

/* Begin XCConfigurationList section */
		DE83009D2261A5B100CEA53B /* Build configuration list for PBXProject "ViewTransition-Practice" */ = {
			isa = XCConfigurationList;
			buildConfigurations = (
				DE8300B22261A5B300CEA53B /* Debug */,
				DE8300B32261A5B300CEA53B /* Release */,
			);
			defaultConfigurationIsVisible = 0;
			defaultConfigurationName = Release;
		};
		DE8300B42261A5B300CEA53B /* Build configuration list for PBXNativeTarget "ViewTransition-Practice" */ = {
			isa = XCConfigurationList;
			buildConfigurations = (
				DE8300B52261A5B300CEA53B /* Debug */,
				DE8300B62261A5B300CEA53B /* Release */,
			);
			defaultConfigurationIsVisible = 0;
			defaultConfigurationName = Release;
		};
/* End XCConfigurationList section */
	};
	rootObject = DE83009A2261A5B100CEA53B /* Project object */;
}
